
Microsoft Visual Studio Solution File, Format Version 12.00
# Visual Studio Version 17
VisualStudioVersion = 17.13.35825.156 d17.13
MinimumVisualStudioVersion = 10.0.40219.1
Project("{FAE04EC0-301F-11D3-BF4B-00C04F79EFBC}") = "ToDoApi", "ToDoApi.csproj", "{2B06A82A-3AC0-4F7C-B2EC-8B38ED8C9DD7}"
EndProject
Global
	GlobalSection(SolutionConfigurationPlatforms) = preSolution
		Debug|Any CPU = Debug|Any CPU
		Release|Any CPU = Release|Any CPU
	EndGlobalSection
	GlobalSection(ProjectConfigurationPlatforms) = postSolution
		{2B06A82A-3AC0-4F7C-B2EC-8B38ED8C9DD7}.Debug|Any CPU.ActiveCfg = Debug|Any CPU
		{2B06A82A-3AC0-4F7C-B2EC-8B38ED8C9DD7}.Debug|Any CPU.Build.0 = Debug|Any CPU
		{2B06A82A-3AC0-4F7C-B2EC-8B38ED8C9DD7}.Release|Any CPU.ActiveCfg = Release|Any CPU
		{2B06A82A-3AC0-4F7C-B2EC-8B38ED8C9DD7}.Release|Any CPU.Build.0 = Release|Any CPU
	EndGlobalSection
	GlobalSection(SolutionProperties) = preSolution
		HideSolutionNode = FALSE
	EndGlobalSection
	GlobalSection(ExtensibilityGlobals) = postSolution
		SolutionGuid = {541E128C-4361-4850-A02B-B25B964300F7}
	EndGlobalSection
EndGlobal
